
Microsoft Visual Studio Solution File, Format Version 12.00
# Visual Studio Version 17
VisualStudioVersion = 17.3.32901.215
MinimumVisualStudioVersion = 10.0.40219.1
Project("{FAE04EC0-301F-11D3-BF4B-00C04F79EFBC}") = "hasta-randevu", "hasta-randevu\hasta-randevu.csproj", "{024C29D6-22C9-437B-A640-2520024D7D9A}"
EndProject
Global
	GlobalSection(SolutionConfigurationPlatforms) = preSolution
		Debug|Any CPU = Debug|Any CPU
		Release|Any CPU = Release|Any CPU
	EndGlobalSection
	GlobalSection(ProjectConfigurationPlatforms) = postSolution
		{024C29D6-22C9-437B-A640-2520024D7D9A}.Debug|Any CPU.ActiveCfg = Debug|Any CPU
		{024C29D6-22C9-437B-A640-2520024D7D9A}.Debug|Any CPU.Build.0 = Debug|Any CPU
		{024C29D6-22C9-437B-A640-2520024D7D9A}.Release|Any CPU.ActiveCfg = Release|Any CPU
		{024C29D6-22C9-437B-A640-2520024D7D9A}.Release|Any CPU.Build.0 = Release|Any CPU
	EndGlobalSection
	GlobalSection(SolutionProperties) = preSolution
		HideSolutionNode = FALSE
	EndGlobalSection
	GlobalSection(ExtensibilityGlobals) = postSolution
		SolutionGuid = {1F86CCD1-1CE7-4BFA-830A-C0FCA3CE3237}
	EndGlobalSection
EndGlobal
